PODS:
  - CNIOAtomics (2.2.0)
  - CNIODarwin (2.2.0)
  - CNIOLinux (2.2.0)
  - CNIOSHA1 (2.2.0)
  - SwiftNIO (2.2.0):
    - CNIOAtomics (= 2.2.0)
    - CNIODarwin (= 2.2.0)
    - CNIOLinux (= 2.2.0)
    - CNIOSHA1 (= 2.2.0)
    - SwiftNIOConcurrencyHelpers (= 2.2.0)
  - SwiftNIOConcurrencyHelpers (2.2.0):
    - CNIOAtomics (= 2.2.0)
  - SwiftNIOFoundationCompat (2.2.0):
    - SwiftNIO (= 2.2.0)
  - SwiftNIOTLS (2.2.0):
    - SwiftNIO (= 2.2.0)
  - SwiftNIOTransportServices (1.0.3):
    - SwiftNIO (~> 2.0)
    - SwiftNIOConcurrencyHelpers (~> 2.0)
    - SwiftNIOFoundationCompat (~> 2.0)
    - SwiftNIOTLS (~> 2.0)

DEPENDENCIES:
  - SwiftNIO
  - SwiftNIOTransportServices

SPEC REPOS:
  https://github.com/cocoapods/specs.git:
    - CNIOAtomics
    - CNIODarwin
    - CNIOLinux
    - CNIOSHA1
    - SwiftNIO
    - SwiftNIOConcurrencyHelpers
    - SwiftNIOFoundationCompat
    - SwiftNIOTLS
    - SwiftNIOTransportServices

SPEC CHECKSUMS:
  CNIOAtomics: 06bfe5346d6b02ee20f77c02e08885e81925e7e4
  CNIODarwin: c539a16010d7a7f910d9446b7d941da6e921fd4c
  CNIOLinux: 5476596aa331cdaacd988885c8b55ab8d59ee0f4
  CNIOSHA1: e8a5506ef82330f54e099b5b037dae5c2b054b00
  SwiftNIO: ae10ef6d51826a75838a8bb17548795213322c24
  SwiftNIOConcurrencyHelpers: 876305e2d327c60241c9e2ab95b939efd4d2b3e0
  SwiftNIOFoundationCompat: 0382be7e557fb26a9e3ef782dd11df79a9eb94c0
  SwiftNIOTLS: b418ff1ed56037f39dabb952f189fb44df9c6dab
  SwiftNIOTransportServices: 0eac7fdcc74c55152bb4dd9d79ab83a194fe7512

PODFILE CHECKSUM: bbabf6dcf110287c3d9944a5f822e601844de0c2

COCOAPODS: 1.7.2
